
Microsoft Visual Studio Solution File, Format Version 12.00
# Visual Studio 15
VisualStudioVersion = 15.0.26730.16
MinimumVisualStudioVersion = 10.0.40219.1
Project("{FAE04EC0-301F-11D3-BF4B-00C04F79EFBC}") = "TipCalculator", "TipCalculator\TipCalculator.csproj", "{777C3897-4C86-4C0E-887F-F285AD324ECA}"
EndProject
Global
	GlobalSection(SolutionConfigurationPlatforms) = preSolution
		Debug|Any CPU = Debug|Any CPU
		Release|Any CPU = Release|Any CPU
	EndGlobalSection
	GlobalSection(ProjectConfigurationPlatforms) = postSolution
		{777C3897-4C86-4C0E-887F-F285AD324ECA}.Debug|Any CPU.ActiveCfg = Debug|Any CPU
		{777C3897-4C86-4C0E-887F-F285AD324ECA}.Debug|Any CPU.Build.0 = Debug|Any CPU
		{777C3897-4C86-4C0E-887F-F285AD324ECA}.Release|Any CPU.ActiveCfg = Release|Any CPU
		{777C3897-4C86-4C0E-887F-F285AD324ECA}.Release|Any CPU.Build.0 = Release|Any CPU
	EndGlobalSection
	GlobalSection(SolutionProperties) = preSolution
		HideSolutionNode = FALSE
	EndGlobalSection
	GlobalSection(ExtensibilityGlobals) = postSolution
		SolutionGuid = {FE8EE49B-2C82-43E7-952E-5AFB46208E2F}
	EndGlobalSection
EndGlobal
