
Microsoft Visual Studio Solution File, Format Version 12.00
# Visual Studio 15
VisualStudioVersion = 15.0.26730.8
MinimumVisualStudioVersion = 10.0.40219.1
Project("{FAE04EC0-301F-11D3-BF4B-00C04F79EFBC}") = "HelloWorldSample", "HelloWorldSample\HelloWorldSample.csproj", "{3911A32E-CD5F-4DA8-8B6A-5B2FA94046F9}"
EndProject
Global
	GlobalSection(SolutionConfigurationPlatforms) = preSolution
		Debug|Any CPU = Debug|Any CPU
		Release|Any CPU = Release|Any CPU
	EndGlobalSection
	GlobalSection(ProjectConfigurationPlatforms) = postSolution
		{3911A32E-CD5F-4DA8-8B6A-5B2FA94046F9}.Debug|Any CPU.ActiveCfg = Debug|Any CPU
		{3911A32E-CD5F-4DA8-8B6A-5B2FA94046F9}.Debug|Any CPU.Build.0 = Debug|Any CPU
		{3911A32E-CD5F-4DA8-8B6A-5B2FA94046F9}.Release|Any CPU.ActiveCfg = Release|Any CPU
		{3911A32E-CD5F-4DA8-8B6A-5B2FA94046F9}.Release|Any CPU.Build.0 = Release|Any CPU
	EndGlobalSection
	GlobalSection(SolutionProperties) = preSolution
		HideSolutionNode = FALSE
	EndGlobalSection
	GlobalSection(ExtensibilityGlobals) = postSolution
		SolutionGuid = {90E9D604-9640-4109-83D2-988C2E998392}
	EndGlobalSection
EndGlobal
